
Microsoft Visual Studio Solution File, Format Version 12.00
# Visual Studio Version 17
VisualStudioVersion = 17.2.32602.215
MinimumVisualStudioVersion = 10.0.40219.1
Project("{FAE04EC0-301F-11D3-BF4B-00C04F79EFBC}") = "DomainKnowledge", "DomainKnowledge\DomainKnowledge.csproj", "{F93D60A2-00F1-4CD1-B25D-9122457EB983}"
EndProject
Global
	GlobalSection(SolutionConfigurationPlatforms) = preSolution
		Debug|Any CPU = Debug|Any CPU
		Release|Any CPU = Release|Any CPU
	EndGlobalSection
	GlobalSection(ProjectConfigurationPlatforms) = postSolution
		{F93D60A2-00F1-4CD1-B25D-9122457EB983}.Debug|Any CPU.ActiveCfg = Debug|Any CPU
		{F93D60A2-00F1-4CD1-B25D-9122457EB983}.Debug|Any CPU.Build.0 = Debug|Any CPU
		{F93D60A2-00F1-4CD1-B25D-9122457EB983}.Release|Any CPU.ActiveCfg = Release|Any CPU
		{F93D60A2-00F1-4CD1-B25D-9122457EB983}.Release|Any CPU.Build.0 = Release|Any CPU
	EndGlobalSection
	GlobalSection(SolutionProperties) = preSolution
		HideSolutionNode = FALSE
	EndGlobalSection
	GlobalSection(ExtensibilityGlobals) = postSolution
		SolutionGuid = {A2D33EF4-E7AD-4A39-B975-47E2D5F014D6}
	EndGlobalSection
EndGlobal
